{
  "name": "@openaeon/tlon",
  "version": "2026.3.1",
  "lockfileVersion": 3,
  "requires": true,
  "packages": {
    "": {
      "name": "@openaeon/tlon",
      "version": "2026.3.1",
      "dependencies": {
        "@urbit/aura": "^3.0.0"
      }
    },
    "node_modules/@urbit/aura": {
      "version": "3.0.0",
      "resolved": "https://registry.npmjs.org/@urbit/aura/-/aura-3.0.0.tgz",
      "integrity": "sha512-N8/FHc/lmlMDCumMuTXyRHCxlov5KZY6unmJ9QR2GOw+OpROZMBsXYGwE+ZMtvN21ql9+Xb8KhGNBj08IrG3Wg==",
      "license": "MIT",
      "engines": {
        "node": ">=16",
        "npm": ">=8"
      }
    }
  }
}
